
Microsoft Visual Studio Solution File, Format Version 12.00
# Visual Studio Version 17
VisualStudioVersion = 17.0.31903.59
MinimumVisualStudioVersion = 10.0.40219.1
Project("{9A19103F-16F7-4668-BE54-9A1E7A4F7556}") = "TabFlow.Platform", "src\apps\platform\TabFlow.Platform.csproj", "{E2B5A5A0-5C3D-4A8E-9F2B-1A2B3C4D5E6F}"
EndProject
Project("{9A19103F-16F7-4668-BE54-9A1E7A4F7556}") = "TabFlow.PlatformWorker", "src\apps\platform-worker\TabFlow.PlatformWorker.csproj", "{A165787E-6726-721A-4A5F-577370FB3322}"
EndProject
Project("{9A19103F-16F7-4668-BE54-9A1E7A4F7556}") = "TabFlow.Tenant", "src\apps\tenant\TabFlow.Tenant.csproj", "{ABFE898B-E9AA-78AB-30C5-DF060088BEEA}"
EndProject
Project("{9A19103F-16F7-4668-BE54-9A1E7A4F7556}") = "TabFlow.Shared", "src\packages\shared-dotnet\TabFlow.Shared.csproj", "{020E1D42-B329-53AE-8815-E98D5310E49C}"
EndProject
Project("{2150E333-8FDC-42A3-9474-1A3956D46DE8}") = "Apps", "Apps", "{A1B1C1D1-E1F1-4A1A-1B1C-1D1E1F1A1B1C}"
EndProject
Project("{2150E333-8FDC-42A3-9474-1A3956D46DE8}") = "Packages", "Packages", "{B2C2D2E2-F2A2-5B2B-2C2D-2E2F2A2B2C2D}"
EndProject
Project("{2150E333-8FDC-42A3-9474-1A3956D46DE8}") = "Infrastructure", "Infrastructure", "{D3E3F3F3-A3C3-6D3D-3E3F-3F3A3B3C3D3E}"
EndProject
Project("{2150E333-8FDC-42A3-9474-1A3956D46DE8}") = "Tests", "Tests", "{C3D3E3F3-A3B3-6C3C-3D3E-3F3A3B3C3D3E}"
EndProject
Project("{9A19103F-16F7-4668-BE54-9A1E7A4F7556}") = "Platform.Tests", "tests\Platform.Tests\Platform.Tests.csproj", "{2D4F8884-5353-4E53-5CB5-5EC1E7172F24}"
EndProject
Project("{9A19103F-16F7-4668-BE54-9A1E7A4F7556}") = "PlatformWorker.Tests", "tests\PlatformWorker.Tests\PlatformWorker.Tests.csproj", "{EFBC0879-B5B1-61FD-4696-CBEF3E3E787E}"
EndProject
Project("{9A19103F-16F7-4668-BE54-9A1E7A4F7556}") = "Tenant.Tests", "tests\Tenant.Tests\Tenant.Tests.csproj", "{DC4E0B19-BDB4-25C5-DE67-E6D699B079C9}"
EndProject
Project("{9A19103F-16F7-4668-BE54-9A1E7A4F7556}") = "Shared.Tests", "tests\Shared.Tests\Shared.Tests.csproj", "{21EB3E7C-4CB0-42C4-937E-21323A1A53C3}"
EndProject
Project("{9A19103F-16F7-4668-BE54-9A1E7A4F7556}") = "TabFlow.Migrations", "src\infra\postgres\TabFlow.Migrations.csproj", "{11A322A4-2AE4-8798-352D-1F0D8C2E219E}"
EndProject
Project("{FAE04EC0-301F-11D3-BF4B-00C04F79EFBC}") = "E2E.Tests", "tests\E2E.Tests\E2E.Tests.csproj", "{6B14456C-5097-4434-86EC-14C0B6E64F38}"
EndProject
Project("{2150E333-8FDC-42A3-9474-1A3956D46DE8}") = "src", "src", "{827E0CD3-B72D-47B6-A68D-7590B98EB39B}"
EndProject
Project("{2150E333-8FDC-42A3-9474-1A3956D46DE8}") = "apps", "apps", "{AD2A5A3B-A595-3E96-334A-002D08FE630C}"
EndProject
Project("{2150E333-8FDC-42A3-9474-1A3956D46DE8}") = "tenant", "tenant", "{D91DCB32-6F6A-E44E-820E-20CEC08A84CB}"
EndProject
Project("{2150E333-8FDC-42A3-9474-1A3956D46DE8}") = "platform", "platform", "{C9539D2D-D828-A11F-B357-39F977BC4DBC}"
EndProject
Project("{FAE04EC0-301F-11D3-BF4B-00C04F79EFBC}") = "Analyzers.Tests", "tests\Analyzers.Tests\Analyzers.Tests.csproj", "{3F915B28-BEA6-47FE-905A-9339E27C06EC}"
EndProject
Project("{2150E333-8FDC-42A3-9474-1A3956D46DE8}") = "tools", "tools", "{07C2787E-EAC7-C090-1BA3-A61EC2A24D84}"
EndProject
Project("{2150E333-8FDC-42A3-9474-1A3956D46DE8}") = "analyzers", "analyzers", "{CC965A5C-8B94-A24C-46F1-8C6E80725C20}"
EndProject
Project("{FAE04EC0-301F-11D3-BF4B-00C04F79EFBC}") = "TabFlow.Analyzers", "tools\analyzers\TabFlow.Analyzers\TabFlow.Analyzers.csproj", "{935B174A-7F8A-417F-A5B2-7459A9FD2425}"
EndProject
Global
	GlobalSection(SolutionConfigurationPlatforms) = preSolution
		Debug|Any CPU = Debug|Any CPU
		Debug|x64 = Debug|x64
		Debug|x86 = Debug|x86
		Release|Any CPU = Release|Any CPU
		Release|x64 = Release|x64
		Release|x86 = Release|x86
	EndGlobalSection
	GlobalSection(ProjectConfigurationPlatforms) = postSolution
		{E2B5A5A0-5C3D-4A8E-9F2B-1A2B3C4D5E6F}.Debug|Any CPU.ActiveCfg = Debug|Any CPU
		{E2B5A5A0-5C3D-4A8E-9F2B-1A2B3C4D5E6F}.Debug|Any CPU.Build.0 = Debug|Any CPU
		{E2B5A5A0-5C3D-4A8E-9F2B-1A2B3C4D5E6F}.Debug|x64.ActiveCfg = Debug|Any CPU
		{E2B5A5A0-5C3D-4A8E-9F2B-1A2B3C4D5E6F}.Debug|x64.Build.0 = Debug|Any CPU
		{E2B5A5A0-5C3D-4A8E-9F2B-1A2B3C4D5E6F}.Debug|x86.ActiveCfg = Debug|Any CPU
		{E2B5A5A0-5C3D-4A8E-9F2B-1A2B3C4D5E6F}.Debug|x86.Build.0 = Debug|Any CPU
		{E2B5A5A0-5C3D-4A8E-9F2B-1A2B3C4D5E6F}.Release|Any CPU.ActiveCfg = Release|Any CPU
		{E2B5A5A0-5C3D-4A8E-9F2B-1A2B3C4D5E6F}.Release|Any CPU.Build.0 = Release|Any CPU
		{E2B5A5A0-5C3D-4A8E-9F2B-1A2B3C4D5E6F}.Release|x64.ActiveCfg = Release|Any CPU
		{E2B5A5A0-5C3D-4A8E-9F2B-1A2B3C4D5E6F}.Release|x64.Build.0 = Release|Any CPU
		{E2B5A5A0-5C3D-4A8E-9F2B-1A2B3C4D5E6F}.Release|x86.ActiveCfg = Release|Any CPU
		{E2B5A5A0-5C3D-4A8E-9F2B-1A2B3C4D5E6F}.Release|x86.Build.0 = Release|Any CPU
		{A165787E-6726-721A-4A5F-577370FB3322}.Debug|x64.ActiveCfg = Debug|Any CPU
		{A165787E-6726-721A-4A5F-577370FB3322}.Debug|x64.Build.0 = Debug|Any CPU
		{A165787E-6726-721A-4A5F-577370FB3322}.Debug|x86.ActiveCfg = Debug|Any CPU
		{A165787E-6726-721A-4A5F-577370FB3322}.Debug|x86.Build.0 = Debug|Any CPU
		{A165787E-6726-721A-4A5F-577370FB3322}.Release|x64.ActiveCfg = Release|Any CPU
		{A165787E-6726-721A-4A5F-577370FB3322}.Release|x64.Build.0 = Release|Any CPU
		{A165787E-6726-721A-4A5F-577370FB3322}.Release|x86.ActiveCfg = Release|Any CPU
		{A165787E-6726-721A-4A5F-577370FB3322}.Release|x86.Build.0 = Release|Any CPU
		{ABFE898B-E9AA-78AB-30C5-DF060088BEEA}.Debug|x64.ActiveCfg = Debug|Any CPU
		{ABFE898B-E9AA-78AB-30C5-DF060088BEEA}.Debug|x64.Build.0 = Debug|Any CPU
		{ABFE898B-E9AA-78AB-30C5-DF060088BEEA}.Debug|x86.ActiveCfg = Debug|Any CPU
		{ABFE898B-E9AA-78AB-30C5-DF060088BEEA}.Debug|x86.Build.0 = Debug|Any CPU
		{ABFE898B-E9AA-78AB-30C5-DF060088BEEA}.Release|x64.ActiveCfg = Release|Any CPU
		{ABFE898B-E9AA-78AB-30C5-DF060088BEEA}.Release|x64.Build.0 = Release|Any CPU
		{ABFE898B-E9AA-78AB-30C5-DF060088BEEA}.Release|x86.ActiveCfg = Release|Any CPU
		{ABFE898B-E9AA-78AB-30C5-DF060088BEEA}.Release|x86.Build.0 = Release|Any CPU
		{020E1D42-B329-53AE-8815-E98D5310E49C}.Debug|x64.ActiveCfg = Debug|Any CPU
		{020E1D42-B329-53AE-8815-E98D5310E49C}.Debug|x64.Build.0 = Debug|Any CPU
		{020E1D42-B329-53AE-8815-E98D5310E49C}.Debug|x86.ActiveCfg = Debug|Any CPU
		{020E1D42-B329-53AE-8815-E98D5310E49C}.Debug|x86.Build.0 = Debug|Any CPU
		{020E1D42-B329-53AE-8815-E98D5310E49C}.Release|x64.ActiveCfg = Release|Any CPU
		{020E1D42-B329-53AE-8815-E98D5310E49C}.Release|x64.Build.0 = Release|Any CPU
		{020E1D42-B329-53AE-8815-E98D5310E49C}.Release|x86.ActiveCfg = Release|Any CPU
		{020E1D42-B329-53AE-8815-E98D5310E49C}.Release|x86.Build.0 = Release|Any CPU
		{2D4F8884-5353-4E53-5CB5-5EC1E7172F24}.Debug|x64.ActiveCfg = Debug|Any CPU
		{2D4F8884-5353-4E53-5CB5-5EC1E7172F24}.Debug|x64.Build.0 = Debug|Any CPU
		{2D4F8884-5353-4E53-5CB5-5EC1E7172F24}.Debug|x86.ActiveCfg = Debug|Any CPU
		{2D4F8884-5353-4E53-5CB5-5EC1E7172F24}.Debug|x86.Build.0 = Debug|Any CPU
		{2D4F8884-5353-4E53-5CB5-5EC1E7172F24}.Release|x64.ActiveCfg = Release|Any CPU
		{2D4F8884-5353-4E53-5CB5-5EC1E7172F24}.Release|x64.Build.0 = Release|Any CPU
		{2D4F8884-5353-4E53-5CB5-5EC1E7172F24}.Release|x86.ActiveCfg = Release|Any CPU
		{2D4F8884-5353-4E53-5CB5-5EC1E7172F24}.Release|x86.Build.0 = Release|Any CPU
		{EFBC0879-B5B1-61FD-4696-CBEF3E3E787E}.Debug|x64.ActiveCfg = Debug|Any CPU
		{EFBC0879-B5B1-61FD-4696-CBEF3E3E787E}.Debug|x64.Build.0 = Debug|Any CPU
		{EFBC0879-B5B1-61FD-4696-CBEF3E3E787E}.Debug|x86.ActiveCfg = Debug|Any CPU
		{EFBC0879-B5B1-61FD-4696-CBEF3E3E787E}.Debug|x86.Build.0 = Debug|Any CPU
		{EFBC0879-B5B1-61FD-4696-CBEF3E3E787E}.Release|x64.ActiveCfg = Release|Any CPU
		{EFBC0879-B5B1-61FD-4696-CBEF3E3E787E}.Release|x64.Build.0 = Release|Any CPU
		{EFBC0879-B5B1-61FD-4696-CBEF3E3E787E}.Release|x86.ActiveCfg = Release|Any CPU
		{EFBC0879-B5B1-61FD-4696-CBEF3E3E787E}.Release|x86.Build.0 = Release|Any CPU
		{DC4E0B19-BDB4-25C5-DE67-E6D699B079C9}.Debug|x64.ActiveCfg = Debug|Any CPU
		{DC4E0B19-BDB4-25C5-DE67-E6D699B079C9}.Debug|x64.Build.0 = Debug|Any CPU
		{DC4E0B19-BDB4-25C5-DE67-E6D699B079C9}.Debug|x86.ActiveCfg = Debug|Any CPU
		{DC4E0B19-BDB4-25C5-DE67-E6D699B079C9}.Debug|x86.Build.0 = Debug|Any CPU
		{DC4E0B19-BDB4-25C5-DE67-E6D699B079C9}.Release|x64.ActiveCfg = Release|Any CPU
		{DC4E0B19-BDB4-25C5-DE67-E6D699B079C9}.Release|x64.Build.0 = Release|Any CPU
		{DC4E0B19-BDB4-25C5-DE67-E6D699B079C9}.Release|x86.ActiveCfg = Release|Any CPU
		{DC4E0B19-BDB4-25C5-DE67-E6D699B079C9}.Release|x86.Build.0 = Release|Any CPU
		{21EB3E7C-4CB0-42C4-937E-21323A1A53C3}.Debug|x64.ActiveCfg = Debug|Any CPU
		{21EB3E7C-4CB0-42C4-937E-21323A1A53C3}.Debug|x64.Build.0 = Debug|Any CPU
		{21EB3E7C-4CB0-42C4-937E-21323A1A53C3}.Debug|x86.ActiveCfg = Debug|Any CPU
		{21EB3E7C-4CB0-42C4-937E-21323A1A53C3}.Debug|x86.Build.0 = Debug|Any CPU
		{21EB3E7C-4CB0-42C4-937E-21323A1A53C3}.Release|x64.ActiveCfg = Release|Any CPU
		{21EB3E7C-4CB0-42C4-937E-21323A1A53C3}.Release|x64.Build.0 = Release|Any CPU
		{21EB3E7C-4CB0-42C4-937E-21323A1A53C3}.Release|x86.ActiveCfg = Release|Any CPU
		{21EB3E7C-4CB0-42C4-937E-21323A1A53C3}.Release|x86.Build.0 = Release|Any CPU
		{11A322A4-2AE4-8798-352D-1F0D8C2E219E}.Debug|x64.ActiveCfg = Debug|Any CPU
		{11A322A4-2AE4-8798-352D-1F0D8C2E219E}.Debug|x64.Build.0 = Debug|Any CPU
		{11A322A4-2AE4-8798-352D-1F0D8C2E219E}.Debug|x86.ActiveCfg = Debug|Any CPU
		{11A322A4-2AE4-8798-352D-1F0D8C2E219E}.Debug|x86.Build.0 = Debug|Any CPU
		{11A322A4-2AE4-8798-352D-1F0D8C2E219E}.Release|x64.ActiveCfg = Release|Any CPU
		{11A322A4-2AE4-8798-352D-1F0D8C2E219E}.Release|x64.Build.0 = Release|Any CPU
		{11A322A4-2AE4-8798-352D-1F0D8C2E219E}.Release|x86.ActiveCfg = Release|Any CPU
		{11A322A4-2AE4-8798-352D-1F0D8C2E219E}.Release|x86.Build.0 = Release|Any CPU
		{6B14456C-5097-4434-86EC-14C0B6E64F38}.Debug|Any CPU.ActiveCfg = Debug|Any CPU
		{6B14456C-5097-4434-86EC-14C0B6E64F38}.Debug|Any CPU.Build.0 = Debug|Any CPU
		{6B14456C-5097-4434-86EC-14C0B6E64F38}.Debug|x64.ActiveCfg = Debug|Any CPU
		{6B14456C-5097-4434-86EC-14C0B6E64F38}.Debug|x64.Build.0 = Debug|Any CPU
		{6B14456C-5097-4434-86EC-14C0B6E64F38}.Debug|x86.ActiveCfg = Debug|Any CPU
		{6B14456C-5097-4434-86EC-14C0B6E64F38}.Debug|x86.Build.0 = Debug|Any CPU
		{6B14456C-5097-4434-86EC-14C0B6E64F38}.Release|Any CPU.ActiveCfg = Release|Any CPU
		{6B14456C-5097-4434-86EC-14C0B6E64F38}.Release|Any CPU.Build.0 = Release|Any CPU
		{6B14456C-5097-4434-86EC-14C0B6E64F38}.Release|x64.ActiveCfg = Release|Any CPU
		{6B14456C-5097-4434-86EC-14C0B6E64F38}.Release|x64.Build.0 = Release|Any CPU
		{6B14456C-5097-4434-86EC-14C0B6E64F38}.Release|x86.ActiveCfg = Release|Any CPU
		{6B14456C-5097-4434-86EC-14C0B6E64F38}.Release|x86.Build.0 = Release|Any CPU
		{3F915B28-BEA6-47FE-905A-9339E27C06EC}.Debug|Any CPU.ActiveCfg = Debug|Any CPU
		{3F915B28-BEA6-47FE-905A-9339E27C06EC}.Debug|Any CPU.Build.0 = Debug|Any CPU
		{3F915B28-BEA6-47FE-905A-9339E27C06EC}.Debug|x64.ActiveCfg = Debug|Any CPU
		{3F915B28-BEA6-47FE-905A-9339E27C06EC}.Debug|x64.Build.0 = Debug|Any CPU
		{3F915B28-BEA6-47FE-905A-9339E27C06EC}.Debug|x86.ActiveCfg = Debug|Any CPU
		{3F915B28-BEA6-47FE-905A-9339E27C06EC}.Debug|x86.Build.0 = Debug|Any CPU
		{3F915B28-BEA6-47FE-905A-9339E27C06EC}.Release|Any CPU.ActiveCfg = Release|Any CPU
		{3F915B28-BEA6-47FE-905A-9339E27C06EC}.Release|Any CPU.Build.0 = Release|Any CPU
		{3F915B28-BEA6-47FE-905A-9339E27C06EC}.Release|x64.ActiveCfg = Release|Any CPU
		{3F915B28-BEA6-47FE-905A-9339E27C06EC}.Release|x64.Build.0 = Release|Any CPU
		{3F915B28-BEA6-47FE-905A-9339E27C06EC}.Release|x86.ActiveCfg = Release|Any CPU
		{3F915B28-BEA6-47FE-905A-9339E27C06EC}.Release|x86.Build.0 = Release|Any CPU
		{935B174A-7F8A-417F-A5B2-7459A9FD2425}.Debug|Any CPU.ActiveCfg = Debug|Any CPU
		{935B174A-7F8A-417F-A5B2-7459A9FD2425}.Debug|Any CPU.Build.0 = Debug|Any CPU
		{935B174A-7F8A-417F-A5B2-7459A9FD2425}.Debug|x64.ActiveCfg = Debug|Any CPU
		{935B174A-7F8A-417F-A5B2-7459A9FD2425}.Debug|x64.Build.0 = Debug|Any CPU
		{935B174A-7F8A-417F-A5B2-7459A9FD2425}.Debug|x86.ActiveCfg = Debug|Any CPU
		{935B174A-7F8A-417F-A5B2-7459A9FD2425}.Debug|x86.Build.0 = Debug|Any CPU
		{935B174A-7F8A-417F-A5B2-7459A9FD2425}.Release|Any CPU.ActiveCfg = Release|Any CPU
		{935B174A-7F8A-417F-A5B2-7459A9FD2425}.Release|Any CPU.Build.0 = Release|Any CPU
		{935B174A-7F8A-417F-A5B2-7459A9FD2425}.Release|x64.ActiveCfg = Release|Any CPU
		{935B174A-7F8A-417F-A5B2-7459A9FD2425}.Release|x64.Build.0 = Release|Any CPU
		{935B174A-7F8A-417F-A5B2-7459A9FD2425}.Release|x86.ActiveCfg = Release|Any CPU
		{935B174A-7F8A-417F-A5B2-7459A9FD2425}.Release|x86.Build.0 = Release|Any CPU
	EndGlobalSection
	GlobalSection(SolutionProperties) = preSolution
		HideSolutionNode = FALSE
	EndGlobalSection
	GlobalSection(NestedProjects) = preSolution
		{E2B5A5A0-5C3D-4A8E-9F2B-1A2B3C4D5E6F} = {A1B1C1D1-E1F1-4A1A-1B1C-1D1E1F1A1B1C}
		{6B14456C-5097-4434-86EC-14C0B6E64F38} = {C3D3E3F3-A3B3-6C3C-3D3E-3F3A3B3C3D3E}
		{AD2A5A3B-A595-3E96-334A-002D08FE630C} = {827E0CD3-B72D-47B6-A68D-7590B98EB39B}
		{D91DCB32-6F6A-E44E-820E-20CEC08A84CB} = {AD2A5A3B-A595-3E96-334A-002D08FE630C}
		{C9539D2D-D828-A11F-B357-39F977BC4DBC} = {AD2A5A3B-A595-3E96-334A-002D08FE630C}
		{3F915B28-BEA6-47FE-905A-9339E27C06EC} = {C3D3E3F3-A3B3-6C3C-3D3E-3F3A3B3C3D3E}
		{CC965A5C-8B94-A24C-46F1-8C6E80725C20} = {07C2787E-EAC7-C090-1BA3-A61EC2A24D84}
		{935B174A-7F8A-417F-A5B2-7459A9FD2425} = {CC965A5C-8B94-A24C-46F1-8C6E80725C20}
	EndGlobalSection
EndGlobal
